// !$*UTF8*$!
{
	archiveVersion = 1;
	classes = {
	};
	objectVersion = 55;
	objects = {

/* Begin PBXBuildFile section */
		9FE2DE8F287017D900B02C34 /* SwitchesApp.swift in Sources */ = {isa = PBXBuildFile; fileRef = 9FE2DE8E287017D900B02C34 /* SwitchesApp.swift */; };
		9FE2DE91287017D900B02C34 /* ContentView.swift in Sources */ = {isa = PBXBuildFile; fileRef = 9FE2DE90287017D900B02C34 /* ContentView.swift */; };
		9FE2DE93287017DA00B02C34 /* Assets.xcassets in Resources */ = {isa = PBXBuildFile; fileRef = 9FE2DE92287017DA00B02C34 /* Assets.xcassets */; };
		9FE2DE96287017DA00B02C34 /* Preview Assets.xcassets in Resources */ = {isa = PBXBuildFile; fileRef = 9FE2DE95287017DA00B02C34 /* Preview Assets.xcassets */; };
		9FE2DEA0287017DA00B02C34 /* SwitchesTests.swift in Sources */ = {isa = PBXBuildFile; fileRef = 9FE2DE9F287017DA00B02C34 /* SwitchesTests.swift */; };
		9FE2DEAA287017DA00B02C34 /* SwitchesUITests.swift in Sources */ = {isa = PBXBuildFile; fileRef = 9FE2DEA9287017DA00B02C34 /* SwitchesUITests.swift */; };
		9FE2DEAC287017DA00B02C34 /* SwitchesUITestsLaunchTests.swift in Sources */ = {isa = PBXBuildFile; fileRef = 9FE2DEAB287017DA00B02C34 /* SwitchesUITestsLaunchTests.swift */; };
		9FE2DEBA2873745500B02C34 /* Launch Screen.storyboard in Resources */ = {isa = PBXBuildFile; fileRef = 9FE2DEB92873745500B02C34 /* Launch Screen.storyboard */; };
/* End PBXBuildFile section */

/* Begin PBXContainerItemProxy section */
		9FE2DE9C287017DA00B02C34 /* PBXContainerItemProxy */ = {
			isa = PBXContainerItemProxy;
			containerPortal = 9FE2DE83287017D900B02C34 /* Project object */;
			proxyType = 1;
			remoteGlobalIDString = 9FE2DE8A287017D900B02C34;
			remoteInfo = Switches;
		};
		9FE2DEA6287017DA00B02C34 /* PBXContainerItemProxy */ = {
			isa = PBXContainerItemProxy;
			containerPortal = 9FE2DE83287017D900B02C34 /* Project object */;
			proxyType = 1;
			remoteGlobalIDString = 9FE2DE8A287017D900B02C34;
			remoteInfo = Switches;
		};
/* End PBXContainerItemProxy section */

/* Begin PBXFileReference section */
		9FE2DE8B287017D900B02C34 /* Switches.app */ = {isa = PBXFileReference; explicitFileType = wrapper.application; includeInIndex = 0; path = Switches.app; sourceTree = BUILT_PRODUCTS_DIR; };
		9FE2DE8E287017D900B02C34 /* SwitchesApp.swift */ = {isa = PBXFileReference; lastKnownFileType = sourcecode.swift; path = SwitchesApp.swift; sourceTree = "<group>"; };
		9FE2DE90287017D900B02C34 /* ContentView.swift */ = {isa = PBXFileReference; lastKnownFileType = sourcecode.swift; path = ContentView.swift; sourceTree = "<group>"; };
		9FE2DE92287017DA00B02C34 /* Assets.xcassets */ = {isa = PBXFileReference; lastKnownFileType = folder.assetcatalog; path = Assets.xcassets; sourceTree = "<group>"; };
		9FE2DE95287017DA00B02C34 /* Preview Assets.xcassets */ = {isa = PBXFileReference; lastKnownFileType = folder.assetcatalog; path = "Preview Assets.xcassets"; sourceTree = "<group>"; };
		9FE2DE9B287017DA00B02C34 /* SwitchesTests.xctest */ = {isa = PBXFileReference; explicitFileType = wrapper.cfbundle; includeInIndex = 0; path = SwitchesTests.xctest; sourceTree = BUILT_PRODUCTS_DIR; };
		9FE2DE9F287017DA00B02C34 /* SwitchesTests.swift */ = {isa = PBXFileReference; lastKnownFileType = sourcecode.swift; path = SwitchesTests.swift; sourceTree = "<group>"; };
		9FE2DEA5287017DA00B02C34 /* SwitchesUITests.xctest */ = {isa = PBXFileReference; explicitFileType = wrapper.cfbundle; includeInIndex = 0; path = SwitchesUITests.xctest; sourceTree = BUILT_PRODUCTS_DIR; };
		9FE2DEA9287017DA00B02C34 /* SwitchesUITests.swift */ = {isa = PBXFileReference; lastKnownFileType = sourcecode.swift; path = SwitchesUITests.swift; sourceTree = "<group>"; };
		9FE2DEAB287017DA00B02C34 /* SwitchesUITestsLaunchTests.swift */ = {isa = PBXFileReference; lastKnownFileType = sourcecode.swift; path = SwitchesUITestsLaunchTests.swift; sourceTree = "<group>"; };
		9FE2DEB82873720D00B02C34 /* Info.plist */ = {isa = PBXFileReference; lastKnownFileType = text.plist; path = Info.plist; sourceTree = "<group>"; };
		9FE2DEB92873745500B02C34 /* Launch Screen.storyboard */ = {isa = PBXFileReference; lastKnownFileType = file.storyboard; path = "Launch Screen.storyboard"; sourceTree = "<group>"; };
/* End PBXFileReference section */

/* Begin PBXFrameworksBuildPhase section */
		9FE2DE88287017D900B02C34 /* Frameworks */ = {
			isa = PBXFrameworksBuildPhase;
			buildActionMask = 2147483647;
			files = (
			);
			runOnlyForDeploymentPostprocessing = 0;
		};
		9FE2DE98287017DA00B02C34 /* Frameworks */ = {
			isa = PBXFrameworksBuildPhase;
			buildActionMask = 2147483647;
			files = (
			);
			runOnlyForDeploymentPostprocessing = 0;
		};
		9FE2DEA2287017DA00B02C34 /* Frameworks */ = {
			isa = PBXFrameworksBuildPhase;
			buildActionMask = 2147483647;
			files = (
			);
			runOnlyForDeploymentPostprocessing = 0;
		};
/* End PBXFrameworksBuildPhase section */

/* Begin PBXGroup section */
		9FE2DE82287017D900B02C34 = {
			isa = PBXGroup;
			children = (
				9FE2DE8D287017D900B02C34 /* Switches */,
				9FE2DE9E287017DA00B02C34 /* SwitchesTests */,
				9FE2DEA8287017DA00B02C34 /* SwitchesUITests */,
				9FE2DE8C287017D900B02C34 /* Products */,
			);
			sourceTree = "<group>";
		};
		9FE2DE8C287017D900B02C34 /* Products */ = {
			isa = PBXGroup;
			children = (
				9FE2DE8B287017D900B02C34 /* Switches.app */,
				9FE2DE9B287017DA00B02C34 /* SwitchesTests.xctest */,
				9FE2DEA5287017DA00B02C34 /* SwitchesUITests.xctest */,
			);
			name = Products;
			sourceTree = "<group>";
		};
		9FE2DE8D287017D900B02C34 /* Switches */ = {
			isa = PBXGroup;
			children = (
				9FE2DEB82873720D00B02C34 /* Info.plist */,
				9FE2DE8E287017D900B02C34 /* SwitchesApp.swift */,
				9FE2DE90287017D900B02C34 /* ContentView.swift */,
				9FE2DE92287017DA00B02C34 /* Assets.xcassets */,
				9FE2DEB92873745500B02C34 /* Launch Screen.storyboard */,
				9FE2DE94287017DA00B02C34 /* Preview Content */,
			);
			path = Switches;
			sourceTree = "<group>";
		};
		9FE2DE94287017DA00B02C34 /* Preview Content */ = {
			isa = PBXGroup;
			children = (
				9FE2DE95287017DA00B02C34 /* Preview Assets.xcassets */,
			);
			path = "Preview Content";
			sourceTree = "<group>";
		};
		9FE2DE9E287017DA00B02C34 /* SwitchesTests */ = {
			isa = PBXGroup;
			children = (
				9FE2DE9F287017DA00B02C34 /* SwitchesTests.swift */,
			);
			path = SwitchesTests;
			sourceTree = "<group>";
		};
		9FE2DEA8287017DA00B02C34 /* SwitchesUITests */ = {
			isa = PBXGroup;
			children = (
				9FE2DEA9287017DA00B02C34 /* SwitchesUITests.swift */,
				9FE2DEAB287017DA00B02C34 /* SwitchesUITestsLaunchTests.swift */,
			);
			path = SwitchesUITests;
			sourceTree = "<group>";
		};
/* End PBXGroup section */

/* Begin PBXNativeTarget section */
		9FE2DE8A287017D900B02C34 /* Switches */ = {
			isa = PBXNativeTarget;
			buildConfigurationList = 9FE2DEAF287017DA00B02C34 /* Build configuration list for PBXNativeTarget "Switches" */;
			buildPhases = (
				9FE2DE87287017D900B02C34 /* Sources */,
				9FE2DE88287017D900B02C34 /* Frameworks */,
				9FE2DE89287017D900B02C34 /* Resources */,
			);
			buildRules = (
			);
			dependencies = (
			);
			name = Switches;
			productName = Switches;
			productReference = 9FE2DE8B287017D900B02C34 /* Switches.app */;
			productType = "com.apple.product-type.application";
		};
		9FE2DE9A287017DA00B02C34 /* SwitchesTests */ = {
			isa = PBXNativeTarget;
			buildConfigurationList = 9FE2DEB2287017DA00B02C34 /* Build configuration list for PBXNativeTarget "SwitchesTests" */;
			buildPhases = (
				9FE2DE97287017DA00B02C34 /* Sources */,
				9FE2DE98287017DA00B02C34 /* Frameworks */,
				9FE2DE99287017DA00B02C34 /* Resources */,
			);
			buildRules = (
			);
			dependencies = (
				9FE2DE9D287017DA00B02C34 /* PBXTargetDependency */,
			);
			name = SwitchesTests;
			productName = SwitchesTests;
			productReference = 9FE2DE9B287017DA00B02C34 /* SwitchesTests.xctest */;
			productType = "com.apple.product-type.bundle.unit-test";
		};
		9FE2DEA4287017DA00B02C34 /* SwitchesUITests */ = {
			isa = PBXNativeTarget;
			buildConfigurationList = 9FE2DEB5287017DA00B02C34 /* Build configuration list for PBXNativeTarget "SwitchesUITests" */;
			buildPhases = (
				9FE2DEA1287017DA00B02C34 /* Sources */,
				9FE2DEA2287017DA00B02C34 /* Frameworks */,
				9FE2DEA3287017DA00B02C34 /* Resources */,
			);
			buildRules = (
			);
			dependencies = (
				9FE2DEA7287017DA00B02C34 /* PBXTargetDependency */,
			);
			name = SwitchesUITests;
			productName = SwitchesUITests;
			productReference = 9FE2DEA5287017DA00B02C34 /* SwitchesUITests.xctest */;
			productType = "com.apple.product-type.bundle.ui-testing";
		};
/* End PBXNativeTarget section */

/* Begin PBXProject section */
		9FE2DE83287017D900B02C34 /* Project object */ = {
			isa = PBXProject;
			attributes = {
				BuildIndependentTargetsInParallel = 1;
				LastSwiftUpdateCheck = 1340;
				LastUpgradeCheck = 1340;
				TargetAttributes = {
					9FE2DE8A287017D900B02C34 = {
						CreatedOnToolsVersion = 13.4.1;
					};
					9FE2DE9A287017DA00B02C34 = {
						CreatedOnToolsVersion = 13.4.1;
						TestTargetID = 9FE2DE8A287017D900B02C34;
					};
					9FE2DEA4287017DA00B02C34 = {
						CreatedOnToolsVersion = 13.4.1;
						TestTargetID = 9FE2DE8A287017D900B02C34;
					};
				};
			};
			buildConfigurationList = 9FE2DE86287017D900B02C34 /* Build configuration list for PBXProject "Switches" */;
			compatibilityVersion = "Xcode 13.0";
			developmentRegion = en;
			hasScannedForEncodings = 0;
			knownRegions = (
				en,
				Base,
			);
			mainGroup = 9FE2DE82287017D900B02C34;
			productRefGroup = 9FE2DE8C287017D900B02C34 /* Products */;
			projectDirPath = "";
			projectRoot = "";
			targets = (
				9FE2DE8A287017D900B02C34 /* Switches */,
				9FE2DE9A287017DA00B02C34 /* SwitchesTests */,
				9FE2DEA4287017DA00B02C34 /* SwitchesUITests */,
			);
		};
/* End PBXProject section */

/* Begin PBXResourcesBuildPhase section */
		9FE2DE89287017D900B02C34 /* Resources */ = {
			isa = PBXResourcesBuildPhase;
			buildActionMask = 2147483647;
			files = (
				9FE2DEBA2873745500B02C34 /* Launch Screen.storyboard in Resources */,
				9FE2DE96287017DA00B02C34 /* Preview Assets.xcassets in Resources */,
				9FE2DE93287017DA00B02C34 /* Assets.xcassets in Resources */,
			);
			runOnlyForDeploymentPostprocessing = 0;
		};
		9FE2DE99287017DA00B02C34 /* Resources */ = {
			isa = PBXResourcesBuildPhase;
			buildActionMask = 2147483647;
			files = (
			);
			runOnlyForDeploymentPostprocessing = 0;
		};
		9FE2DEA3287017DA00B02C34 /* Resources */ = {
			isa = PBXResourcesBuildPhase;
			buildActionMask = 2147483647;
			files = (
			);
			runOnlyForDeploymentPostprocessing = 0;
		};
/* End PBXResourcesBuildPhase section */

/* Begin PBXSourcesBuildPhase section */
		9FE2DE87287017D900B02C34 /* Sources */ = {
			isa = PBXSourcesBuildPhase;
			buildActionMask = 2147483647;
			files = (
				9FE2DE91287017D900B02C34 /* ContentView.swift in Sources */,
				9FE2DE8F287017D900B02C34 /* SwitchesApp.swift in Sources */,
			);
			runOnlyForDeploymentPostprocessing = 0;
		};
		9FE2DE97287017DA00B02C34 /* Sources */ = {
			isa = PBXSourcesBuildPhase;
			buildActionMask = 2147483647;
			files = (
				9FE2DEA0287017DA00B02C34 /* SwitchesTests.swift in Sources */,
			);
			runOnlyForDeploymentPostprocessing = 0;
		};
		9FE2DEA1287017DA00B02C34 /* Sources */ = {
			isa = PBXSourcesBuildPhase;
			buildActionMask = 2147483647;
			files = (
				9FE2DEAC287017DA00B02C34 /* SwitchesUITestsLaunchTests.swift in Sources */,
				9FE2DEAA287017DA00B02C34 /* SwitchesUITests.swift in Sources */,
			);
			runOnlyForDeploymentPostprocessing = 0;
		};
/* End PBXSourcesBuildPhase section */

/* Begin PBXTargetDependency section */
		9FE2DE9D287017DA00B02C34 /* PBXTargetDependency */ = {
			isa = PBXTargetDependency;
			target = 9FE2DE8A287017D900B02C34 /* Switches */;
			targetProxy = 9FE2DE9C287017DA00B02C34 /* PBXContainerItemProxy */;
		};
		9FE2DEA7287017DA00B02C34 /* PBXTargetDependency */ = {
			isa = PBXTargetDependency;
			target = 9FE2DE8A287017D900B02C34 /* Switches */;
			targetProxy = 9FE2DEA6287017DA00B02C34 /* PBXContainerItemProxy */;
		};
/* End PBXTargetDependency section */

/* Begin XCBuildConfiguration section */
		9FE2DEAD287017DA00B02C34 /* Debug */ = {
			isa = XCBuildConfiguration;
			buildSettings = {
				ALWAYS_SEARCH_USER_PATHS = NO;
				CLANG_ANALYZER_NONNULL = YES;
				CLANG_ANALYZER_NUMBER_OBJECT_CONVERSION = YES_AGGRESSIVE;
				CLANG_CXX_LANGUAGE_STANDARD = "gnu++17";
				CLANG_ENABLE_MODULES = YES;
				CLANG_ENABLE_OBJC_ARC = YES;
				CLANG_ENABLE_OBJC_WEAK = YES;
				CLANG_WARN_BLOCK_CAPTURE_AUTORELEASING = YES;
				CLANG_WARN_BOOL_CONVERSION = YES;
				CLANG_WARN_COMMA = YES;
				CLANG_WARN_CONSTANT_CONVERSION = YES;
				CLANG_WARN_DEPRECATED_OBJC_IMPLEMENTATIONS = YES;
				CLANG_WARN_DIRECT_OBJC_ISA_USAGE = YES_ERROR;
				CLANG_WARN_DOCUMENTATION_COMMENTS = YES;
				CLANG_WARN_EMPTY_BODY = YES;
				CLANG_WARN_ENUM_CONVERSION = YES;
				CLANG_WARN_INFINITE_RECURSION = YES;
				CLANG_WARN_INT_CONVERSION = YES;
				CLANG_WARN_NON_LITERAL_NULL_CONVERSION = YES;
				CLANG_WARN_OBJC_IMPLICIT_RETAIN_SELF = YES;
				CLANG_WARN_OBJC_LITERAL_CONVERSION = YES;
				CLANG_WARN_OBJC_ROOT_CLASS = YES_ERROR;
				CLANG_WARN_QUOTED_INCLUDE_IN_FRAMEWORK_HEADER = YES;
				CLANG_WARN_RANGE_LOOP_ANALYSIS = YES;
				CLANG_WARN_STRICT_PROTOTYPES = YES;
				CLANG_WARN_SUSPICIOUS_MOVE = YES;
				CLANG_WARN_UNGUARDED_AVAILABILITY = YES_AGGRESSIVE;
				CLANG_WARN_UNREACHABLE_CODE = YES;
				CLANG_WARN__DUPLICATE_METHOD_MATCH = YES;
				COPY_PHASE_STRIP = NO;
				DEBUG_INFORMATION_FORMAT = dwarf;
				ENABLE_STRICT_OBJC_MSGSEND = YES;
				ENABLE_TESTABILITY = YES;
				GCC_C_LANGUAGE_STANDARD = gnu11;
				GCC_DYNAMIC_NO_PIC = NO;
				GCC_NO_COMMON_BLOCKS = YES;
				GCC_OPTIMIZATION_LEVEL = 0;
				GCC_PREPROCESSOR_DEFINITIONS = (
					"DEBUG=1",
					"$(inherited)",
				);
				GCC_WARN_64_TO_32_BIT_CONVERSION = YES;
				GCC_WARN_ABOUT_RETURN_TYPE = YES_ERROR;
				GCC_WARN_UNDECLARED_SELECTOR = YES;
				GCC_WARN_UNINITIALIZED_AUTOS = YES_AGGRESSIVE;
				GCC_WARN_UNUSED_FUNCTION = YES;
				GCC_WARN_UNUSED_VARIABLE = YES;
				IPHONEOS_DEPLOYMENT_TARGET = 15.5;
				MTL_ENABLE_DEBUG_INFO = INCLUDE_SOURCE;
				MTL_FAST_MATH = YES;
				ONLY_ACTIVE_ARCH = YES;
				SDKROOT = iphoneos;
				SWIFT_ACTIVE_COMPILATION_CONDITIONS = DEBUG;
				SWIFT_OPTIMIZATION_LEVEL = "-Onone";
			};
			name = Debug;
		};
		9FE2DEAE287017DA00B02C34 /* Release */ = {
			isa = XCBuildConfiguration;
			buildSettings = {
				ALWAYS_SEARCH_USER_PATHS = NO;
				CLANG_ANALYZER_NONNULL = YES;
				CLANG_ANALYZER_NUMBER_OBJECT_CONVERSION = YES_AGGRESSIVE;
				CLANG_CXX_LANGUAGE_STANDARD = "gnu++17";
				CLANG_ENABLE_MODULES = YES;
				CLANG_ENABLE_OBJC_ARC = YES;
				CLANG_ENABLE_OBJC_WEAK = YES;
				CLANG_WARN_BLOCK_CAPTURE_AUTORELEASING = YES;
				CLANG_WARN_BOOL_CONVERSION = YES;
				CLANG_WARN_COMMA = YES;
				CLANG_WARN_CONSTANT_CONVERSION = YES;
				CLANG_WARN_DEPRECATED_OBJC_IMPLEMENTATIONS = YES;
				CLANG_WARN_DIRECT_OBJC_ISA_USAGE = YES_ERROR;
				CLANG_WARN_DOCUMENTATION_COMMENTS = YES;
				CLANG_WARN_EMPTY_BODY = YES;
				CLANG_WARN_ENUM_CONVERSION = YES;
				CLANG_WARN_INFINITE_RECURSION = YES;
				CLANG_WARN_INT_CONVERSION = YES;
				CLANG_WARN_NON_LITERAL_NULL_CONVERSION = YES;
				CLANG_WARN_OBJC_IMPLICIT_RETAIN_SELF = YES;
				CLANG_WARN_OBJC_LITERAL_CONVERSION = YES;
				CLANG_WARN_OBJC_ROOT_CLASS = YES_ERROR;
				CLANG_WARN_QUOTED_INCLUDE_IN_FRAMEWORK_HEADER = YES;
				CLANG_WARN_RANGE_LOOP_ANALYSIS = YES;
				CLANG_WARN_STRICT_PROTOTYPES = YES;
				CLANG_WARN_SUSPICIOUS_MOVE = YES;
				CLANG_WARN_UNGUARDED_AVAILABILITY = YES_AGGRESSIVE;
				CLANG_WARN_UNREACHABLE_CODE = YES;
				CLANG_WARN__DUPLICATE_METHOD_MATCH = YES;
				COPY_PHASE_STRIP = NO;
				DEBUG_INFORMATION_FORMAT = "dwarf-with-dsym";
				ENABLE_NS_ASSERTIONS = NO;
				ENABLE_STRICT_OBJC_MSGSEND = YES;
				GCC_C_LANGUAGE_STANDARD = gnu11;
				GCC_NO_COMMON_BLOCKS = YES;
				GCC_WARN_64_TO_32_BIT_CONVERSION = YES;
				GCC_WARN_ABOUT_RETURN_TYPE = YES_ERROR;
				GCC_WARN_UNDECLARED_SELECTOR = YES;
				GCC_WARN_UNINITIALIZED_AUTOS = YES_AGGRESSIVE;
				GCC_WARN_UNUSED_FUNCTION = YES;
				GCC_WARN_UNUSED_VARIABLE = YES;
				IPHONEOS_DEPLOYMENT_TARGET = 15.5;
				MTL_ENABLE_DEBUG_INFO = NO;
				MTL_FAST_MATH = YES;
				SDKROOT = iphoneos;
				SWIFT_COMPILATION_MODE = wholemodule;
				SWIFT_OPTIMIZATION_LEVEL = "-O";
				VALIDATE_PRODUCT = YES;
			};
			name = Release;
		};
		9FE2DEB0287017DA00B02C34 /* Debug */ = {
			isa = XCBuildConfiguration;
			buildSettings = {
				ASSETCATALOG_COMPILER_APPICON_NAME = AppIcon;
				ASSETCATALOG_COMPILER_GLOBAL_ACCENT_COLOR_NAME = AccentColor;
				CODE_SIGN_STYLE = Automatic;
				CURRENT_PROJECT_VERSION = 1;
				DEVELOPMENT_ASSET_PATHS = "\"Switches/Preview Content\"";
				DEVELOPMENT_TEAM = 6HFQ8N48ZH;
				ENABLE_PREVIEWS = YES;
				GENERATE_INFOPLIST_FILE = YES;
				INFOPLIST_FILE = Switches/Info.plist;
				INFOPLIST_KEY_UIApplicationSceneManifest_Generation = YES;
				INFOPLIST_KEY_UIApplicationSupportsIndirectInputEvents = YES;
				INFOPLIST_KEY_UILaunchScreen_Generation = YES;
				INFOPLIST_KEY_UILaunchStoryboardName = "Launch Screen";
				INFOPLIST_KEY_UISupportedInterfaceOrientations = "UIInterfaceOrientationLandscapeRight UIInterfaceOrientationLandscapeLeft UIInterfaceOrientationPortraitUpsideDown UIInterfaceOrientationPortrait";
				INFOPLIST_KEY_UISupportedInterfaceOrientations_iPad = "UIInterfaceOrientationPortrait UIInterfaceOrientationPortraitUpsideDown UIInterfaceOrientationLandscapeLeft UIInterfaceOrientationLandscapeRight";
				INFOPLIST_KEY_UISupportedInterfaceOrientations_iPhone = "UIInterfaceOrientationPortrait UIInterfaceOrientationPortraitUpsideDown";
				IPHONEOS_DEPLOYMENT_TARGET = 15.5;
				LD_RUNPATH_SEARCH_PATHS = (
					"$(inherited)",
					"@executable_path/Frameworks",
				);
				MARKETING_VERSION = 1.0;
				PRODUCT_BUNDLE_IDENTIFIER = dev.smay.Switches;
				PRODUCT_NAME = "$(TARGET_NAME)";
				SWIFT_EMIT_LOC_STRINGS = YES;
				SWIFT_VERSION = 5.0;
				TARGETED_DEVICE_FAMILY = "1,2";
			};
			name = Debug;
		};
		9FE2DEB1287017DA00B02C34 /* Release */ = {
			isa = XCBuildConfiguration;
			buildSettings = {
				ASSETCATALOG_COMPILER_APPICON_NAME = AppIcon;
				ASSETCATALOG_COMPILER_GLOBAL_ACCENT_COLOR_NAME = AccentColor;
				CODE_SIGN_STYLE = Automatic;
				CURRENT_PROJECT_VERSION = 1;
				DEVELOPMENT_ASSET_PATHS = "\"Switches/Preview Content\"";
				DEVELOPMENT_TEAM = 6HFQ8N48ZH;
				ENABLE_PREVIEWS = YES;
				GENERATE_INFOPLIST_FILE = YES;
				INFOPLIST_FILE = Switches/Info.plist;
				INFOPLIST_KEY_UIApplicationSceneManifest_Generation = YES;
				INFOPLIST_KEY_UIApplicationSupportsIndirectInputEvents = YES;
				INFOPLIST_KEY_UILaunchScreen_Generation = YES;
				INFOPLIST_KEY_UILaunchStoryboardName = "Launch Screen";
				INFOPLIST_KEY_UISupportedInterfaceOrientations = "UIInterfaceOrientationLandscapeRight UIInterfaceOrientationLandscapeLeft UIInterfaceOrientationPortraitUpsideDown UIInterfaceOrientationPortrait";
				INFOPLIST_KEY_UISupportedInterfaceOrientations_iPad = "UIInterfaceOrientationPortrait UIInterfaceOrientationPortraitUpsideDown UIInterfaceOrientationLandscapeLeft UIInterfaceOrientationLandscapeRight";
				INFOPLIST_KEY_UISupportedInterfaceOrientations_iPhone = "UIInterfaceOrientationPortrait UIInterfaceOrientationPortraitUpsideDown";
				IPHONEOS_DEPLOYMENT_TARGET = 15.5;
				LD_RUNPATH_SEARCH_PATHS = (
					"$(inherited)",
					"@executable_path/Frameworks",
				);
				MARKETING_VERSION = 1.0;
				PRODUCT_BUNDLE_IDENTIFIER = dev.smay.Switches;
				PRODUCT_NAME = "$(TARGET_NAME)";
				SWIFT_EMIT_LOC_STRINGS = YES;
				SWIFT_VERSION = 5.0;
				TARGETED_DEVICE_FAMILY = "1,2";
			};
			name = Release;
		};
		9FE2DEB3287017DA00B02C34 /* Debug */ = {
			isa = XCBuildConfiguration;
			buildSettings = {
				ALWAYS_EMBED_SWIFT_STANDARD_LIBRARIES = YES;
				BUNDLE_LOADER = "$(TEST_HOST)";
				CODE_SIGN_STYLE = Automatic;
				CURRENT_PROJECT_VERSION = 1;
				DEVELOPMENT_TEAM = 6HFQ8N48ZH;
				GENERATE_INFOPLIST_FILE = YES;
				IPHONEOS_DEPLOYMENT_TARGET = 15.5;
				MARKETING_VERSION = 1.0;
				PRODUCT_BUNDLE_IDENTIFIER = dev.smay.SwitchesTests;
				PRODUCT_NAME = "$(TARGET_NAME)";
				SWIFT_EMIT_LOC_STRINGS = NO;
				SWIFT_VERSION = 5.0;
				TARGETED_DEVICE_FAMILY = "1,2";
				TEST_HOST = "$(BUILT_PRODUCTS_DIR)/Switches.app/Switches";
			};
			name = Debug;
		};
		9FE2DEB4287017DA00B02C34 /* Release */ = {
			isa = XCBuildConfiguration;
			buildSettings = {
				ALWAYS_EMBED_SWIFT_STANDARD_LIBRARIES = YES;
				BUNDLE_LOADER = "$(TEST_HOST)";
				CODE_SIGN_STYLE = Automatic;
				CURRENT_PROJECT_VERSION = 1;
				DEVELOPMENT_TEAM = 6HFQ8N48ZH;
				GENERATE_INFOPLIST_FILE = YES;
				IPHONEOS_DEPLOYMENT_TARGET = 15.5;
				MARKETING_VERSION = 1.0;
				PRODUCT_BUNDLE_IDENTIFIER = dev.smay.SwitchesTests;
				PRODUCT_NAME = "$(TARGET_NAME)";
				SWIFT_EMIT_LOC_STRINGS = NO;
				SWIFT_VERSION = 5.0;
				TARGETED_DEVICE_FAMILY = "1,2";
				TEST_HOST = "$(BUILT_PRODUCTS_DIR)/Switches.app/Switches";
			};
			name = Release;
		};
		9FE2DEB6287017DA00B02C34 /* Debug */ = {
			isa = XCBuildConfiguration;
			buildSettings = {
				ALWAYS_EMBED_SWIFT_STANDARD_LIBRARIES = YES;
				CODE_SIGN_STYLE = Automatic;
				CURRENT_PROJECT_VERSION = 1;
				DEVELOPMENT_TEAM = 6HFQ8N48ZH;
				GENERATE_INFOPLIST_FILE = YES;
				MARKETING_VERSION = 1.0;
				PRODUCT_BUNDLE_IDENTIFIER = dev.smay.SwitchesUITests;
				PRODUCT_NAME = "$(TARGET_NAME)";
				SWIFT_EMIT_LOC_STRINGS = NO;
				SWIFT_VERSION = 5.0;
				TARGETED_DEVICE_FAMILY = "1,2";
				TEST_TARGET_NAME = Switches;
			};
			name = Debug;
		};
		9FE2DEB7287017DA00B02C34 /* Release */ = {
			isa = XCBuildConfiguration;
			buildSettings = {
				ALWAYS_EMBED_SWIFT_STANDARD_LIBRARIES = YES;
				CODE_SIGN_STYLE = Automatic;
				CURRENT_PROJECT_VERSION = 1;
				DEVELOPMENT_TEAM = 6HFQ8N48ZH;
				GENERATE_INFOPLIST_FILE = YES;
				MARKETING_VERSION = 1.0;
				PRODUCT_BUNDLE_IDENTIFIER = dev.smay.SwitchesUITests;
				PRODUCT_NAME = "$(TARGET_NAME)";
				SWIFT_EMIT_LOC_STRINGS = NO;
				SWIFT_VERSION = 5.0;
				TARGETED_DEVICE_FAMILY = "1,2";
				TEST_TARGET_NAME = Switches;
			};
			name = Release;
		};
/* End XCBuildConfiguration section */

/* Begin XCConfigurationList section */
		9FE2DE86287017D900B02C34 /* Build configuration list for PBXProject "Switches" */ = {
			isa = XCConfigurationList;
			buildConfigurations = (
				9FE2DEAD287017DA00B02C34 /* Debug */,
				9FE2DEAE287017DA00B02C34 /* Release */,
			);
			defaultConfigurationIsVisible = 0;
			defaultConfigurationName = Release;
		};
		9FE2DEAF287017DA00B02C34 /* Build configuration list for PBXNativeTarget "Switches" */ = {
			isa = XCConfigurationList;
			buildConfigurations = (
				9FE2DEB0287017DA00B02C34 /* Debug */,
				9FE2DEB1287017DA00B02C34 /* Release */,
			);
			defaultConfigurationIsVisible = 0;
			defaultConfigurationName = Release;
		};
		9FE2DEB2287017DA00B02C34 /* Build configuration list for PBXNativeTarget "SwitchesTests" */ = {
			isa = XCConfigurationList;
			buildConfigurations = (
				9FE2DEB3287017DA00B02C34 /* Debug */,
				9FE2DEB4287017DA00B02C34 /* Release */,
			);
			defaultConfigurationIsVisible = 0;
			defaultConfigurationName = Release;
		};
		9FE2DEB5287017DA00B02C34 /* Build configuration list for PBXNativeTarget "SwitchesUITests" */ = {
			isa = XCConfigurationList;
			buildConfigurations = (
				9FE2DEB6287017DA00B02C34 /* Debug */,
				9FE2DEB7287017DA00B02C34 /* Release */,
			);
			defaultConfigurationIsVisible = 0;
			defaultConfigurationName = Release;
		};
/* End XCConfigurationList section */
	};
	rootObject = 9FE2DE83287017D900B02C34 /* Project object */;
}
